
Microsoft Visual Studio Solution File, Format Version 12.00
# Visual Studio Version 16
VisualStudioVersion = 16.0.30621.155
MinimumVisualStudioVersion = 10.0.40219.1
Project("{8BC9CEB8-8B4A-11D0-8D11-00A0C91BC942}") = "Rectangle", "OOP_06_Prechtl_Renzl_Schurz\OOP_06_Prechtl_Renzl_Schurz.vcxproj", "{22F9DC72-4465-4429-83BA-040234752C7E}"
EndProject
Project("{8BC9CEB8-8B4A-11D0-8D11-00A0C91BC942}") = "Inheritance", "Inheritance\Inheritance.vcxproj", "{A47BE5C8-1C5E-497A-8D9E-8F84A67C6426}"
EndProject
Global
	GlobalSection(SolutionConfigurationPlatforms) = preSolution
		Debug|x64 = Debug|x64
		Debug|x86 = Debug|x86
		Release|x64 = Release|x64
		Release|x86 = Release|x86
	EndGlobalSection
	GlobalSection(ProjectConfigurationPlatforms) = postSolution
		{22F9DC72-4465-4429-83BA-040234752C7E}.Debug|x64.ActiveCfg = Debug|x64
		{22F9DC72-4465-4429-83BA-040234752C7E}.Debug|x64.Build.0 = Debug|x64
		{22F9DC72-4465-4429-83BA-040234752C7E}.Debug|x86.ActiveCfg = Debug|Win32
		{22F9DC72-4465-4429-83BA-040234752C7E}.Debug|x86.Build.0 = Debug|Win32
		{22F9DC72-4465-4429-83BA-040234752C7E}.Release|x64.ActiveCfg = Release|x64
		{22F9DC72-4465-4429-83BA-040234752C7E}.Release|x64.Build.0 = Release|x64
		{22F9DC72-4465-4429-83BA-040234752C7E}.Release|x86.ActiveCfg = Release|Win32
		{22F9DC72-4465-4429-83BA-040234752C7E}.Release|x86.Build.0 = Release|Win32
		{A47BE5C8-1C5E-497A-8D9E-8F84A67C6426}.Debug|x64.ActiveCfg = Debug|x64
		{A47BE5C8-1C5E-497A-8D9E-8F84A67C6426}.Debug|x64.Build.0 = Debug|x64
		{A47BE5C8-1C5E-497A-8D9E-8F84A67C6426}.Debug|x86.ActiveCfg = Debug|Win32
		{A47BE5C8-1C5E-497A-8D9E-8F84A67C6426}.Debug|x86.Build.0 = Debug|Win32
		{A47BE5C8-1C5E-497A-8D9E-8F84A67C6426}.Release|x64.ActiveCfg = Release|x64
		{A47BE5C8-1C5E-497A-8D9E-8F84A67C6426}.Release|x64.Build.0 = Release|x64
		{A47BE5C8-1C5E-497A-8D9E-8F84A67C6426}.Release|x86.ActiveCfg = Release|Win32
		{A47BE5C8-1C5E-497A-8D9E-8F84A67C6426}.Release|x86.Build.0 = Release|Win32
	EndGlobalSection
	GlobalSection(SolutionProperties) = preSolution
		HideSolutionNode = FALSE
	EndGlobalSection
	GlobalSection(ExtensibilityGlobals) = postSolution
		SolutionGuid = {3124CE60-6002-4CB8-A33D-C642C9A000A5}
	EndGlobalSection
EndGlobal
